
Microsoft Visual Studio Solution File, Format Version 12.00
# Visual Studio Version 17
VisualStudioVersion = 17.9.34728.123
MinimumVisualStudioVersion = 10.0.40219.1
Project("{FAE04EC0-301F-11D3-BF4B-00C04F79EFBC}") = "StaminaDisplay", "StaminaDisplay\StaminaDisplay.csproj", "{B419F38C-160C-4EDB-B170-9252DD5E3338}"
EndProject
Global
	GlobalSection(SolutionConfigurationPlatforms) = preSolution
		Debug|x86 = Debug|x86
		Release|x86 = Release|x86
	EndGlobalSection
	GlobalSection(ProjectConfigurationPlatforms) = postSolution
		{B419F38C-160C-4EDB-B170-9252DD5E3338}.Debug|x86.ActiveCfg = Debug|x86
		{B419F38C-160C-4EDB-B170-9252DD5E3338}.Debug|x86.Build.0 = Debug|x86
		{B419F38C-160C-4EDB-B170-9252DD5E3338}.Release|x86.ActiveCfg = Release|x86
		{B419F38C-160C-4EDB-B170-9252DD5E3338}.Release|x86.Build.0 = Release|x86
	EndGlobalSection
	GlobalSection(SolutionProperties) = preSolution
		HideSolutionNode = FALSE
	EndGlobalSection
	GlobalSection(ExtensibilityGlobals) = postSolution
		SolutionGuid = {FF295EF4-049A-4FB4-8AF6-192C3F0A8B70}
	EndGlobalSection
EndGlobal
